
Microsoft Visual Studio Solution File, Format Version 12.00
# Visual Studio Version 17
VisualStudioVersion = 17.1.32328.378
MinimumVisualStudioVersion = 10.0.40219.1
Project("{FAE04EC0-301F-11D3-BF4B-00C04F79EFBC}") = "WorkScheduleSolution", "WorkScheduleSolution.csproj", "{8BBC5E87-D714-464A-AB43-E199B07D8D0C}"
EndProject
Global
	GlobalSection(SolutionConfigurationPlatforms) = preSolution
		Debug|Any CPU = Debug|Any CPU
		Release|Any CPU = Release|Any CPU
	EndGlobalSection
	GlobalSection(ProjectConfigurationPlatforms) = postSolution
		{8BBC5E87-D714-464A-AB43-E199B07D8D0C}.Debug|Any CPU.ActiveCfg = Debug|Any CPU
		{8BBC5E87-D714-464A-AB43-E199B07D8D0C}.Debug|Any CPU.Build.0 = Debug|Any CPU
		{8BBC5E87-D714-464A-AB43-E199B07D8D0C}.Release|Any CPU.ActiveCfg = Release|Any CPU
		{8BBC5E87-D714-464A-AB43-E199B07D8D0C}.Release|Any CPU.Build.0 = Release|Any CPU
	EndGlobalSection
	GlobalSection(SolutionProperties) = preSolution
		HideSolutionNode = FALSE
	EndGlobalSection
	GlobalSection(ExtensibilityGlobals) = postSolution
		SolutionGuid = {227C8198-8A5B-4A5F-8560-F34978E55C1C}
	EndGlobalSection
EndGlobal
